{
  "name": "japan",
  "lockfileVersion": 2,
  "requires": true,
  "packages": {
    "": {
      "devDependencies": {
        "@types/google.visualization": "^0.0.73"
      }
    },
    "node_modules/@types/google.visualization": {
      "version": "0.0.73",
      "resolved": "https://registry.npmjs.org/@types/google.visualization/-/google.visualization-0.0.73.tgz",
      "integrity": "sha512-ACEjWFeNJVrV5DUvhODYDQwvWk5wzlqyACy3i+WPMx0v+9ysIYWGVe2uTLVFzpjxy5zA4iF4GrHd9SGtrf+H2A==",
      "dev": true
    }
  },
  "dependencies": {
    "@types/google.visualization": {
      "version": "0.0.73",
      "resolved": "https://registry.npmjs.org/@types/google.visualization/-/google.visualization-0.0.73.tgz",
      "integrity": "sha512-ACEjWFeNJVrV5DUvhODYDQwvWk5wzlqyACy3i+WPMx0v+9ysIYWGVe2uTLVFzpjxy5zA4iF4GrHd9SGtrf+H2A==",
      "dev": true
    }
  }
}
